
Microsoft Visual Studio Solution File, Format Version 12.00
# Visual Studio Version 17
VisualStudioVersion = 17.11.35327.3
MinimumVisualStudioVersion = 10.0.40219.1
Project("{FAE04EC0-301F-11D3-BF4B-00C04F79EFBC}") = "A7", "A7.csproj", "{741D9B6F-EA5D-4171-BC3F-588755165F12}"
EndProject
Global
	GlobalSection(SolutionConfigurationPlatforms) = preSolution
		Debug|Any CPU = Debug|Any CPU
		Release|Any CPU = Release|Any CPU
	EndGlobalSection
	GlobalSection(ProjectConfigurationPlatforms) = postSolution
		{741D9B6F-EA5D-4171-BC3F-588755165F12}.Debug|Any CPU.ActiveCfg = Debug|Any CPU
		{741D9B6F-EA5D-4171-BC3F-588755165F12}.Debug|Any CPU.Build.0 = Debug|Any CPU
		{741D9B6F-EA5D-4171-BC3F-588755165F12}.Release|Any CPU.ActiveCfg = Release|Any CPU
		{741D9B6F-EA5D-4171-BC3F-588755165F12}.Release|Any CPU.Build.0 = Release|Any CPU
	EndGlobalSection
	GlobalSection(SolutionProperties) = preSolution
		HideSolutionNode = FALSE
	EndGlobalSection
	GlobalSection(ExtensibilityGlobals) = postSolution
		SolutionGuid = {76720965-DE4F-458B-A50E-311A0D537946}
	EndGlobalSection
EndGlobal
